// !$*UTF8*$!
{
	archiveVersion = 1;
	classes = {
	};
	objectVersion = 46;
	objects = {

/* Begin PBXBuildFile section */
		E2049E3F1C044EDD006D10E7 /* LocalizablesExampleViewController.swift in Sources */ = {isa = PBXBuildFile; fileRef = E2049E3E1C044EDD006D10E7 /* LocalizablesExampleViewController.swift */; };
		E23B1D8B1C062E1A00C986BF /* NSRangeExtension.swift in Sources */ = {isa = PBXBuildFile; fileRef = E23B1D8A1C062E1A00C986BF /* NSRangeExtension.swift */; };
		E23B1D8C1C062E1A00C986BF /* NSRangeExtension.swift in Sources */ = {isa = PBXBuildFile; fileRef = E23B1D8A1C062E1A00C986BF /* NSRangeExtension.swift */; };
		E23B1D8D1C062E1A00C986BF /* NSRangeExtension.swift in Sources */ = {isa = PBXBuildFile; fileRef = E23B1D8A1C062E1A00C986BF /* NSRangeExtension.swift */; };
		E23B1D8E1C062E9600C986BF /* NSRangeExtension.swift in Sources */ = {isa = PBXBuildFile; fileRef = E23B1D8A1C062E1A00C986BF /* NSRangeExtension.swift */; };
		E23B1D901C062EA400C986BF /* NSRangeExtensionTests.swift in Sources */ = {isa = PBXBuildFile; fileRef = E23B1D8F1C062EA400C986BF /* NSRangeExtensionTests.swift */; };
		E23B1D931C0645A600C986BF /* AttributedStringExampleViewController.swift in Sources */ = {isa = PBXBuildFile; fileRef = E23B1D911C0645A300C986BF /* AttributedStringExampleViewController.swift */; };
		E23B1D9A1C06527900C986BF /* NSObjectExtension.swift in Sources */ = {isa = PBXBuildFile; fileRef = E23B1D991C06527900C986BF /* NSObjectExtension.swift */; };
		E23B1D9B1C06527B00C986BF /* NSObjectExtension.swift in Sources */ = {isa = PBXBuildFile; fileRef = E23B1D991C06527900C986BF /* NSObjectExtension.swift */; };
		E281B9021C03998D000DADBA /* BlockNotification.swift in Sources */ = {isa = PBXBuildFile; fileRef = E2D92EDC1C03946B0065268F /* BlockNotification.swift */; };
		E281B9031C03998D000DADBA /* OccupiableProtocol.swift in Sources */ = {isa = PBXBuildFile; fileRef = E2D92EDD1C03946B0065268F /* OccupiableProtocol.swift */; };
		E281B9051C039A6B000DADBA /* BlockTapGestureRecognizer.swift in Sources */ = {isa = PBXBuildFile; fileRef = E281B9041C039A6B000DADBA /* BlockTapGestureRecognizer.swift */; };
		E281B90B1C039B7C000DADBA /* Localizable.strings in Resources */ = {isa = PBXBuildFile; fileRef = E281B90D1C039B7C000DADBA /* Localizable.strings */; };
		E281B9141C039BE4000DADBA /* AppDelegate.swift in Sources */ = {isa = PBXBuildFile; fileRef = E281B9111C039BE4000DADBA /* AppDelegate.swift */; };
		E281B9151C039BE4000DADBA /* Main.storyboard in Resources */ = {isa = PBXBuildFile; fileRef = E281B9121C039BE4000DADBA /* Main.storyboard */; };
		E281B9161C039BE4000DADBA /* GesturesExampleViewController.swift in Sources */ = {isa = PBXBuildFile; fileRef = E281B9131C039BE4000DADBA /* GesturesExampleViewController.swift */; };
		E281B91A1C039C22000DADBA /* AppDelegate.swift in Sources */ = {isa = PBXBuildFile; fileRef = E281B9181C039C22000DADBA /* AppDelegate.swift */; };
		E281B91B1C039C22000DADBA /* ViewController.swift in Sources */ = {isa = PBXBuildFile; fileRef = E281B9191C039C22000DADBA /* ViewController.swift */; };
		E281B9211C039D18000DADBA /* Main.storyboard in Resources */ = {isa = PBXBuildFile; fileRef = E281B9201C039D18000DADBA /* Main.storyboard */; };
		E281B9251C039DA0000DADBA /* AppDelegate.swift in Sources */ = {isa = PBXBuildFile; fileRef = E281B9231C039DA0000DADBA /* AppDelegate.swift */; };
		E281B9261C039DA0000DADBA /* ViewController.swift in Sources */ = {isa = PBXBuildFile; fileRef = E281B9241C039DA0000DADBA /* ViewController.swift */; };
		E281B9281C039DA8000DADBA /* Main.storyboard in Resources */ = {isa = PBXBuildFile; fileRef = E281B9271C039DA8000DADBA /* Main.storyboard */; };
		E281B92A1C03A132000DADBA /* BlockPanGestureRecognizer.swift in Sources */ = {isa = PBXBuildFile; fileRef = E281B9291C03A132000DADBA /* BlockPanGestureRecognizer.swift */; };
		E281B92C1C03A1F1000DADBA /* BlockLongPressGestureRecognizer.swift in Sources */ = {isa = PBXBuildFile; fileRef = E281B92B1C03A1F1000DADBA /* BlockLongPressGestureRecognizer.swift */; };
		E281B92E1C03A37C000DADBA /* BlockSwipeGestureRecognizer.swift in Sources */ = {isa = PBXBuildFile; fileRef = E281B92D1C03A37C000DADBA /* BlockSwipeGestureRecognizer.swift */; };
		E281B9301C03A474000DADBA /* BlockPinchGestureRecognizer.swift in Sources */ = {isa = PBXBuildFile; fileRef = E281B92F1C03A474000DADBA /* BlockPinchGestureRecognizer.swift */; };
		E28B88911C03B00F00CBA57B /* NotificationsExampleTableViewController.swift in Sources */ = {isa = PBXBuildFile; fileRef = E28B88901C03B00F00CBA57B /* NotificationsExampleTableViewController.swift */; };
		E29E732D1C04B20200F059F1 /* OccupiableTests.swift in Sources */ = {isa = PBXBuildFile; fileRef = E28E34DD1C0475EC004CD4C9 /* OccupiableTests.swift */; };
		E29E73361C04B29800F059F1 /* OccupiableProtocol.swift in Sources */ = {isa = PBXBuildFile; fileRef = E2D92EDD1C03946B0065268F /* OccupiableProtocol.swift */; };
		E29E73371C04B2AC00F059F1 /* ArrayExtension.swift in Sources */ = {isa = PBXBuildFile; fileRef = E2F13EB81C04A3810029E7E4 /* ArrayExtension.swift */; };
		E29E73381C04B2AF00F059F1 /* BlockNotification.swift in Sources */ = {isa = PBXBuildFile; fileRef = E2D92EDC1C03946B0065268F /* BlockNotification.swift */; };
		E29E73391C04B2AF00F059F1 /* DictionaryExtension.swift in Sources */ = {isa = PBXBuildFile; fileRef = E2B10BF61C04AB2F00C2811B /* DictionaryExtension.swift */; };
		E29E733B1C04B2B800F059F1 /* ArrayExtensionTests.swift in Sources */ = {isa = PBXBuildFile; fileRef = E2F13EBF1C04A5D60029E7E4 /* ArrayExtensionTests.swift */; };
		E29E733C1C04B2B800F059F1 /* DictionaryExtensionTests.swift in Sources */ = {isa = PBXBuildFile; fileRef = E2B10BFB1C04AC4900C2811B /* DictionaryExtensionTests.swift */; };
		E29E733D1C04B2B800F059F1 /* NSObjectExtensionTests.swift in Sources */ = {isa = PBXBuildFile; fileRef = E29E73221C04B0AE00F059F1 /* NSObjectExtensionTests.swift */; };
		E29E733F1C04B32F00F059F1 /* StringExtension.swift in Sources */ = {isa = PBXBuildFile; fileRef = E29E733E1C04B32F00F059F1 /* StringExtension.swift */; };
		E29E73401C04B32F00F059F1 /* StringExtension.swift in Sources */ = {isa = PBXBuildFile; fileRef = E29E733E1C04B32F00F059F1 /* StringExtension.swift */; };
		E29E73411C04B32F00F059F1 /* StringExtension.swift in Sources */ = {isa = PBXBuildFile; fileRef = E29E733E1C04B32F00F059F1 /* StringExtension.swift */; };
		E29E73421C04B32F00F059F1 /* StringExtension.swift in Sources */ = {isa = PBXBuildFile; fileRef = E29E733E1C04B32F00F059F1 /* StringExtension.swift */; };
		E29E73441C04B42800F059F1 /* StringExtensionTests.swift in Sources */ = {isa = PBXBuildFile; fileRef = E29E73431C04B42800F059F1 /* StringExtensionTests.swift */; };
		E29E73461C04BA6300F059F1 /* NSBundleExtension.swift in Sources */ = {isa = PBXBuildFile; fileRef = E29E73451C04BA6300F059F1 /* NSBundleExtension.swift */; };
		E29E734A1C04BD0000F059F1 /* OthersExampleViewController.swift in Sources */ = {isa = PBXBuildFile; fileRef = E29E73491C04BD0000F059F1 /* OthersExampleViewController.swift */; };
		E29E734C1C04BDFD00F059F1 /* UIScreenExtension.swift in Sources */ = {isa = PBXBuildFile; fileRef = E29E734B1C04BDFD00F059F1 /* UIScreenExtension.swift */; };
		E29E73561C04CC2D00F059F1 /* NSUserDefaultsExtension.swift in Sources */ = {isa = PBXBuildFile; fileRef = E29E73551C04CC2D00F059F1 /* NSUserDefaultsExtension.swift */; };
		E29E73571C04CC6900F059F1 /* NSUserDefaultsExtension.swift in Sources */ = {isa = PBXBuildFile; fileRef = E29E73551C04CC2D00F059F1 /* NSUserDefaultsExtension.swift */; };
		E29E73581C04CC6A00F059F1 /* NSUserDefaultsExtension.swift in Sources */ = {isa = PBXBuildFile; fileRef = E29E73551C04CC2D00F059F1 /* NSUserDefaultsExtension.swift */; };
		E29E73591C04CC6B00F059F1 /* NSUserDefaultsExtension.swift in Sources */ = {isa = PBXBuildFile; fileRef = E29E73551C04CC2D00F059F1 /* NSUserDefaultsExtension.swift */; };
		E29E735B1C04CD1400F059F1 /* NSUserDefaultsExtensionTests.swift in Sources */ = {isa = PBXBuildFile; fileRef = E29E735A1C04CD1400F059F1 /* NSUserDefaultsExtensionTests.swift */; };
		E29E735D1C05119900F059F1 /* UIImageExtension.swift in Sources */ = {isa = PBXBuildFile; fileRef = E29E735C1C05119900F059F1 /* UIImageExtension.swift */; };
		E2B10BF71C04AB2F00C2811B /* DictionaryExtension.swift in Sources */ = {isa = PBXBuildFile; fileRef = E2B10BF61C04AB2F00C2811B /* DictionaryExtension.swift */; };
		E2B10BF81C04AB2F00C2811B /* DictionaryExtension.swift in Sources */ = {isa = PBXBuildFile; fileRef = E2B10BF61C04AB2F00C2811B /* DictionaryExtension.swift */; };
		E2B10BF91C04AB2F00C2811B /* DictionaryExtension.swift in Sources */ = {isa = PBXBuildFile; fileRef = E2B10BF61C04AB2F00C2811B /* DictionaryExtension.swift */; };
		E2C9AADE1C065BBD004CA36A /* NSMutableAttributedStringExtension.swift in Sources */ = {isa = PBXBuildFile; fileRef = E2C9AADD1C065BBD004CA36A /* NSMutableAttributedStringExtension.swift */; };
		E2C9AADF1C065BBD004CA36A /* NSMutableAttributedStringExtension.swift in Sources */ = {isa = PBXBuildFile; fileRef = E2C9AADD1C065BBD004CA36A /* NSMutableAttributedStringExtension.swift */; };
		E2C9AAE01C065BBD004CA36A /* NSMutableAttributedStringExtension.swift in Sources */ = {isa = PBXBuildFile; fileRef = E2C9AADD1C065BBD004CA36A /* NSMutableAttributedStringExtension.swift */; };
		E2D92EC01C0392E40065268F /* Assets.xcassets in Resources */ = {isa = PBXBuildFile; fileRef = E2D92EBF1C0392E40065268F /* Assets.xcassets */; };
		E2D92EDF1C03946B0065268F /* BlockNotification.swift in Sources */ = {isa = PBXBuildFile; fileRef = E2D92EDC1C03946B0065268F /* BlockNotification.swift */; };
		E2D92EE11C03946B0065268F /* OccupiableProtocol.swift in Sources */ = {isa = PBXBuildFile; fileRef = E2D92EDD1C03946B0065268F /* OccupiableProtocol.swift */; };
		E2D92EF01C0395320065268F /* Assets.xcassets in Resources */ = {isa = PBXBuildFile; fileRef = E2D92EEF1C0395320065268F /* Assets.xcassets */; };
		E2D92EFA1C03955A0065268F /* BlockNotification.swift in Sources */ = {isa = PBXBuildFile; fileRef = E2D92EDC1C03946B0065268F /* BlockNotification.swift */; };
		E2D92EFB1C03955A0065268F /* OccupiableProtocol.swift in Sources */ = {isa = PBXBuildFile; fileRef = E2D92EDD1C03946B0065268F /* OccupiableProtocol.swift */; };
		E2D92EFE1C0396D80065268F /* UIViewExtensions.swift in Sources */ = {isa = PBXBuildFile; fileRef = E2D92EFD1C0396D80065268F /* UIViewExtensions.swift */; };
		E2D92F0F1C0397060065268F /* Assets.xcassets in Resources */ = {isa = PBXBuildFile; fileRef = E2D92F0E1C0397060065268F /* Assets.xcassets */; };
		E2F13EB91C04A3810029E7E4 /* ArrayExtension.swift in Sources */ = {isa = PBXBuildFile; fileRef = E2F13EB81C04A3810029E7E4 /* ArrayExtension.swift */; };
		E2F13EBA1C04A3BC0029E7E4 /* ArrayExtension.swift in Sources */ = {isa = PBXBuildFile; fileRef = E2F13EB81C04A3810029E7E4 /* ArrayExtension.swift */; };
		E2F13EBB1C04A3BD0029E7E4 /* ArrayExtension.swift in Sources */ = {isa = PBXBuildFile; fileRef = E2F13EB81C04A3810029E7E4 /* ArrayExtension.swift */; };
/* End PBXBuildFile section */

/* Begin PBXContainerItemProxy section */
		E2D92ECA1C0392E40065268F /* PBXContainerItemProxy */ = {
			isa = PBXContainerItemProxy;
			containerPortal = E2D92EAD1C0392E40065268F /* Project object */;
			proxyType = 1;
			remoteGlobalIDString = E2D92EB41C0392E40065268F;
			remoteInfo = TBSwiftExtensionsDemo;
		};
/* End PBXContainerItemProxy section */

/* Begin PBXFileReference section */
		E2049E3E1C044EDD006D10E7 /* LocalizablesExampleViewController.swift */ = {isa = PBXFileReference; fileEncoding = 4; lastKnownFileType = sourcecode.swift; path = LocalizablesExampleViewController.swift; sourceTree = "<group>"; };
		E23B1D8A1C062E1A00C986BF /* NSRangeExtension.swift */ = {isa = PBXFileReference; fileEncoding = 4; lastKnownFileType = sourcecode.swift; path = NSRangeExtension.swift; sourceTree = "<group>"; };
		E23B1D8F1C062EA400C986BF /* NSRangeExtensionTests.swift */ = {isa = PBXFileReference; fileEncoding = 4; lastKnownFileType = sourcecode.swift; path = NSRangeExtensionTests.swift; sourceTree = "<group>"; };
		E23B1D911C0645A300C986BF /* AttributedStringExampleViewController.swift */ = {isa = PBXFileReference; fileEncoding = 4; lastKnownFileType = sourcecode.swift; path = AttributedStringExampleViewController.swift; sourceTree = "<group>"; };
		E23B1D991C06527900C986BF /* NSObjectExtension.swift */ = {isa = PBXFileReference; fileEncoding = 4; lastKnownFileType = sourcecode.swift; path = NSObjectExtension.swift; sourceTree = "<group>"; };
		E281B9041C039A6B000DADBA /* BlockTapGestureRecognizer.swift */ = {isa = PBXFileReference; fileEncoding = 4; lastKnownFileType = sourcecode.swift; path = BlockTapGestureRecognizer.swift; sourceTree = "<group>"; };
		E281B90C1C039B7C000DADBA /* en */ = {isa = PBXFileReference; lastKnownFileType = text.plist.strings; name = en; path = en.lproj/Localizable.strings; sourceTree = "<group>"; };
		E281B9111C039BE4000DADBA /* AppDelegate.swift */ = {isa = PBXFileReference; fileEncoding = 4; lastKnownFileType = sourcecode.swift; path = AppDelegate.swift; sourceTree = "<group>"; };
		E281B9121C039BE4000DADBA /* Main.storyboard */ = {isa = PBXFileReference; fileEncoding = 4; lastKnownFileType = file.storyboard; path = Main.storyboard; sourceTree = "<group>"; };
		E281B9131C039BE4000DADBA /* GesturesExampleViewController.swift */ = {isa = PBXFileReference; fileEncoding = 4; lastKnownFileType = sourcecode.swift; path = GesturesExampleViewController.swift; sourceTree = "<group>"; };
		E281B9181C039C22000DADBA /* AppDelegate.swift */ = {isa = PBXFileReference; fileEncoding = 4; lastKnownFileType = sourcecode.swift; name = AppDelegate.swift; path = Classes/AppDelegate.swift; sourceTree = "<group>"; };
		E281B9191C039C22000DADBA /* ViewController.swift */ = {isa = PBXFileReference; fileEncoding = 4; lastKnownFileType = sourcecode.swift; name = ViewController.swift; path = Classes/ViewController.swift; sourceTree = "<group>"; };
		E281B9201C039D18000DADBA /* Main.storyboard */ = {isa = PBXFileReference; fileEncoding = 4; lastKnownFileType = file.storyboard; name = Main.storyboard; path = Classes/Main.storyboard; sourceTree = "<group>"; };
		E281B9231C039DA0000DADBA /* AppDelegate.swift */ = {isa = PBXFileReference; fileEncoding = 4; lastKnownFileType = sourcecode.swift; path = AppDelegate.swift; sourceTree = "<group>"; };
		E281B9241C039DA0000DADBA /* ViewController.swift */ = {isa = PBXFileReference; fileEncoding = 4; lastKnownFileType = sourcecode.swift; path = ViewController.swift; sourceTree = "<group>"; };
		E281B9271C039DA8000DADBA /* Main.storyboard */ = {isa = PBXFileReference; fileEncoding = 4; lastKnownFileType = file.storyboard; path = Main.storyboard; sourceTree = "<group>"; };
		E281B9291C03A132000DADBA /* BlockPanGestureRecognizer.swift */ = {isa = PBXFileReference; fileEncoding = 4; lastKnownFileType = sourcecode.swift; path = BlockPanGestureRecognizer.swift; sourceTree = "<group>"; };
		E281B92B1C03A1F1000DADBA /* BlockLongPressGestureRecognizer.swift */ = {isa = PBXFileReference; fileEncoding = 4; lastKnownFileType = sourcecode.swift; path = BlockLongPressGestureRecognizer.swift; sourceTree = "<group>"; };
		E281B92D1C03A37C000DADBA /* BlockSwipeGestureRecognizer.swift */ = {isa = PBXFileReference; fileEncoding = 4; lastKnownFileType = sourcecode.swift; path = BlockSwipeGestureRecognizer.swift; sourceTree = "<group>"; };
		E281B92F1C03A474000DADBA /* BlockPinchGestureRecognizer.swift */ = {isa = PBXFileReference; fileEncoding = 4; lastKnownFileType = sourcecode.swift; path = BlockPinchGestureRecognizer.swift; sourceTree = "<group>"; };
		E28B88901C03B00F00CBA57B /* NotificationsExampleTableViewController.swift */ = {isa = PBXFileReference; fileEncoding = 4; lastKnownFileType = sourcecode.swift; path = NotificationsExampleTableViewController.swift; sourceTree = "<group>"; };
		E28E34DD1C0475EC004CD4C9 /* OccupiableTests.swift */ = {isa = PBXFileReference; fileEncoding = 4; lastKnownFileType = sourcecode.swift; path = OccupiableTests.swift; sourceTree = "<group>"; };
		E29E73221C04B0AE00F059F1 /* NSObjectExtensionTests.swift */ = {isa = PBXFileReference; fileEncoding = 4; lastKnownFileType = sourcecode.swift; path = NSObjectExtensionTests.swift; sourceTree = "<group>"; };
		E29E733E1C04B32F00F059F1 /* StringExtension.swift */ = {isa = PBXFileReference; fileEncoding = 4; lastKnownFileType = sourcecode.swift; path = StringExtension.swift; sourceTree = "<group>"; };
		E29E73431C04B42800F059F1 /* StringExtensionTests.swift */ = {isa = PBXFileReference; fileEncoding = 4; lastKnownFileType = sourcecode.swift; path = StringExtensionTests.swift; sourceTree = "<group>"; };
		E29E73451C04BA6300F059F1 /* NSBundleExtension.swift */ = {isa = PBXFileReference; fileEncoding = 4; lastKnownFileType = sourcecode.swift; path = NSBundleExtension.swift; sourceTree = "<group>"; };
		E29E73491C04BD0000F059F1 /* OthersExampleViewController.swift */ = {isa = PBXFileReference; fileEncoding = 4; lastKnownFileType = sourcecode.swift; path = OthersExampleViewController.swift; sourceTree = "<group>"; };
		E29E734B1C04BDFD00F059F1 /* UIScreenExtension.swift */ = {isa = PBXFileReference; fileEncoding = 4; lastKnownFileType = sourcecode.swift; path = UIScreenExtension.swift; sourceTree = "<group>"; };
		E29E73551C04CC2D00F059F1 /* NSUserDefaultsExtension.swift */ = {isa = PBXFileReference; fileEncoding = 4; lastKnownFileType = sourcecode.swift; path = NSUserDefaultsExtension.swift; sourceTree = "<group>"; };
		E29E735A1C04CD1400F059F1 /* NSUserDefaultsExtensionTests.swift */ = {isa = PBXFileReference; fileEncoding = 4; lastKnownFileType = sourcecode.swift; path = NSUserDefaultsExtensionTests.swift; sourceTree = "<group>"; };
		E29E735C1C05119900F059F1 /* UIImageExtension.swift */ = {isa = PBXFileReference; fileEncoding = 4; lastKnownFileType = sourcecode.swift; path = UIImageExtension.swift; sourceTree = "<group>"; };
		E2B10BF61C04AB2F00C2811B /* DictionaryExtension.swift */ = {isa = PBXFileReference; fileEncoding = 4; lastKnownFileType = sourcecode.swift; path = DictionaryExtension.swift; sourceTree = "<group>"; };
		E2B10BFB1C04AC4900C2811B /* DictionaryExtensionTests.swift */ = {isa = PBXFileReference; fileEncoding = 4; lastKnownFileType = sourcecode.swift; path = DictionaryExtensionTests.swift; sourceTree = "<group>"; };
		E2C9AADD1C065BBD004CA36A /* NSMutableAttributedStringExtension.swift */ = {isa = PBXFileReference; fileEncoding = 4; lastKnownFileType = sourcecode.swift; path = NSMutableAttributedStringExtension.swift; sourceTree = "<group>"; };
		E2D92EB51C0392E40065268F /* TBSwiftExtensionsDemoIOS.app */ = {isa = PBXFileReference; explicitFileType = wrapper.application; includeInIndex = 0; path = TBSwiftExtensionsDemoIOS.app; sourceTree = BUILT_PRODUCTS_DIR; };
		E2D92EBF1C0392E40065268F /* Assets.xcassets */ = {isa = PBXFileReference; lastKnownFileType = folder.assetcatalog; path = Assets.xcassets; sourceTree = "<group>"; };
		E2D92EC41C0392E40065268F /* Info.plist */ = {isa = PBXFileReference; lastKnownFileType = text.plist.xml; path = Info.plist; sourceTree = "<group>"; };
		E2D92EC91C0392E40065268F /* TBSwiftExtensionsDemoTests.xctest */ = {isa = PBXFileReference; explicitFileType = wrapper.cfbundle; includeInIndex = 0; path = TBSwiftExtensionsDemoTests.xctest; sourceTree = BUILT_PRODUCTS_DIR; };
		E2D92ECF1C0392E40065268F /* Info.plist */ = {isa = PBXFileReference; lastKnownFileType = text.plist.xml; path = Info.plist; sourceTree = "<group>"; };
		E2D92EDC1C03946B0065268F /* BlockNotification.swift */ = {isa = PBXFileReference; fileEncoding = 4; lastKnownFileType = sourcecode.swift; path = BlockNotification.swift; sourceTree = "<group>"; };
		E2D92EDD1C03946B0065268F /* OccupiableProtocol.swift */ = {isa = PBXFileReference; fileEncoding = 4; lastKnownFileType = sourcecode.swift; path = OccupiableProtocol.swift; sourceTree = "<group>"; };
		E2D92EE91C0395320065268F /* TBSwiftExtensionDemoOSX.app */ = {isa = PBXFileReference; explicitFileType = wrapper.application; includeInIndex = 0; path = TBSwiftExtensionDemoOSX.app; sourceTree = BUILT_PRODUCTS_DIR; };
		E2D92EEF1C0395320065268F /* Assets.xcassets */ = {isa = PBXFileReference; lastKnownFileType = folder.assetcatalog; path = Assets.xcassets; sourceTree = "<group>"; };
		E2D92EF41C0395320065268F /* Info.plist */ = {isa = PBXFileReference; lastKnownFileType = text.plist.xml; path = Info.plist; sourceTree = "<group>"; };
		E2D92EFD1C0396D80065268F /* UIViewExtensions.swift */ = {isa = PBXFileReference; fileEncoding = 4; lastKnownFileType = sourcecode.swift; path = UIViewExtensions.swift; sourceTree = "<group>"; };
		E2D92F051C0397050065268F /* TBSwiftExtensionsTVOS.app */ = {isa = PBXFileReference; explicitFileType = wrapper.application; includeInIndex = 0; path = TBSwiftExtensionsTVOS.app; sourceTree = BUILT_PRODUCTS_DIR; };
		E2D92F0E1C0397060065268F /* Assets.xcassets */ = {isa = PBXFileReference; lastKnownFileType = folder.assetcatalog; path = Assets.xcassets; sourceTree = "<group>"; };
		E2D92F101C0397060065268F /* Info.plist */ = {isa = PBXFileReference; lastKnownFileType = text.plist.xml; path = Info.plist; sourceTree = "<group>"; };
		E2F13EB81C04A3810029E7E4 /* ArrayExtension.swift */ = {isa = PBXFileReference; fileEncoding = 4; lastKnownFileType = sourcecode.swift; path = ArrayExtension.swift; sourceTree = "<group>"; };
		E2F13EBF1C04A5D60029E7E4 /* ArrayExtensionTests.swift */ = {isa = PBXFileReference; fileEncoding = 4; lastKnownFileType = sourcecode.swift; path = ArrayExtensionTests.swift; sourceTree = "<group>"; };
/* End PBXFileReference section */

/* Begin PBXFrameworksBuildPhase section */
		E2D92EB21C0392E40065268F /* Frameworks */ = {
			isa = PBXFrameworksBuildPhase;
			buildActionMask = 2147483647;
			files = (
			);
			runOnlyForDeploymentPostprocessing = 0;
		};
		E2D92EC61C0392E40065268F /* Frameworks */ = {
			isa = PBXFrameworksBuildPhase;
			buildActionMask = 2147483647;
			files = (
			);
			runOnlyForDeploymentPostprocessing = 0;
		};
		E2D92EE61C0395320065268F /* Frameworks */ = {
			isa = PBXFrameworksBuildPhase;
			buildActionMask = 2147483647;
			files = (
			);
			runOnlyForDeploymentPostprocessing = 0;
		};
		E2D92F021C0397050065268F /* Frameworks */ = {
			isa = PBXFrameworksBuildPhase;
			buildActionMask = 2147483647;
			files = (
			);
			runOnlyForDeploymentPostprocessing = 0;
		};
/* End PBXFrameworksBuildPhase section */

/* Begin PBXGroup section */
		E281B9101C039BE4000DADBA /* Classes */ = {
			isa = PBXGroup;
			children = (
				E281B9121C039BE4000DADBA /* Main.storyboard */,
				E281B9111C039BE4000DADBA /* AppDelegate.swift */,
				E2049E3E1C044EDD006D10E7 /* LocalizablesExampleViewController.swift */,
				E281B9131C039BE4000DADBA /* GesturesExampleViewController.swift */,
				E28B88901C03B00F00CBA57B /* NotificationsExampleTableViewController.swift */,
				E29E73491C04BD0000F059F1 /* OthersExampleViewController.swift */,
				E23B1D911C0645A300C986BF /* AttributedStringExampleViewController.swift */,
			);
			path = Classes;
			sourceTree = "<group>";
		};
		E281B9171C039BF7000DADBA /* Classes */ = {
			isa = PBXGroup;
			children = (
				E281B9201C039D18000DADBA /* Main.storyboard */,
				E281B9181C039C22000DADBA /* AppDelegate.swift */,
				E281B9191C039C22000DADBA /* ViewController.swift */,
			);
			name = Classes;
			sourceTree = "<group>";
		};
		E281B9221C039DA0000DADBA /* Classes */ = {
			isa = PBXGroup;
			children = (
				E281B9271C039DA8000DADBA /* Main.storyboard */,
				E281B9231C039DA0000DADBA /* AppDelegate.swift */,
				E281B9241C039DA0000DADBA /* ViewController.swift */,
			);
			path = Classes;
			sourceTree = "<group>";
		};
		E28E34DC1C0475EC004CD4C9 /* Classes */ = {
			isa = PBXGroup;
			children = (
				E28E34DD1C0475EC004CD4C9 /* OccupiableTests.swift */,
				E2F13EBF1C04A5D60029E7E4 /* ArrayExtensionTests.swift */,
				E2B10BFB1C04AC4900C2811B /* DictionaryExtensionTests.swift */,
				E29E73221C04B0AE00F059F1 /* NSObjectExtensionTests.swift */,
				E29E73431C04B42800F059F1 /* StringExtensionTests.swift */,
				E29E735A1C04CD1400F059F1 /* NSUserDefaultsExtensionTests.swift */,
				E23B1D8F1C062EA400C986BF /* NSRangeExtensionTests.swift */,
			);
			path = Classes;
			sourceTree = "<group>";
		};
		E2D92EAC1C0392E40065268F = {
			isa = PBXGroup;
			children = (
				E2D92EDB1C03946B0065268F /* TBSwiftExtensions */,
				E2D92EB71C0392E40065268F /* TBSwiftExtensionsDemoIOS */,
				E2D92EEA1C0395320065268F /* TBSwiftExtensionDemoOSX */,
				E2D92F061C0397050065268F /* TBSwiftExtensionsTVOS */,
				E2D92ECC1C0392E40065268F /* TBSwiftExtensionsDemoTests */,
				E2D92EB61C0392E40065268F /* Products */,
			);
			sourceTree = "<group>";
		};
		E2D92EB61C0392E40065268F /* Products */ = {
			isa = PBXGroup;
			children = (
				E2D92EB51C0392E40065268F /* TBSwiftExtensionsDemoIOS.app */,
				E2D92EC91C0392E40065268F /* TBSwiftExtensionsDemoTests.xctest */,
				E2D92EE91C0395320065268F /* TBSwiftExtensionDemoOSX.app */,
				E2D92F051C0397050065268F /* TBSwiftExtensionsTVOS.app */,
			);
			name = Products;
			sourceTree = "<group>";
		};
		E2D92EB71C0392E40065268F /* TBSwiftExtensionsDemoIOS */ = {
			isa = PBXGroup;
			children = (
				E281B9101C039BE4000DADBA /* Classes */,
				E2D92EBF1C0392E40065268F /* Assets.xcassets */,
				E2D92EC41C0392E40065268F /* Info.plist */,
				E281B90D1C039B7C000DADBA /* Localizable.strings */,
			);
			name = TBSwiftExtensionsDemoIOS;
			path = TBSwiftExtensionsDemo;
			sourceTree = "<group>";
		};
		E2D92ECC1C0392E40065268F /* TBSwiftExtensionsDemoTests */ = {
			isa = PBXGroup;
			children = (
				E28E34DC1C0475EC004CD4C9 /* Classes */,
				E2D92ECF1C0392E40065268F /* Info.plist */,
			);
			path = TBSwiftExtensionsDemoTests;
			sourceTree = "<group>";
		};
		E2D92EDB1C03946B0065268F /* TBSwiftExtensions */ = {
			isa = PBXGroup;
			children = (
				E2D92EFC1C0396D80065268F /* ios */,
				E2D92F001C0396E10065268F /* osx */,
				E2D92EDC1C03946B0065268F /* BlockNotification.swift */,
				E2D92EDD1C03946B0065268F /* OccupiableProtocol.swift */,
				E2F13EB81C04A3810029E7E4 /* ArrayExtension.swift */,
				E2B10BF61C04AB2F00C2811B /* DictionaryExtension.swift */,
				E29E733E1C04B32F00F059F1 /* StringExtension.swift */,
				E29E73551C04CC2D00F059F1 /* NSUserDefaultsExtension.swift */,
				E23B1D8A1C062E1A00C986BF /* NSRangeExtension.swift */,
				E2C9AADD1C065BBD004CA36A /* NSMutableAttributedStringExtension.swift */,
			);
			name = TBSwiftExtensions;
			path = ../TBSwiftExtensions;
			sourceTree = "<group>";
		};
		E2D92EEA1C0395320065268F /* TBSwiftExtensionDemoOSX */ = {
			isa = PBXGroup;
			children = (
				E281B9171C039BF7000DADBA /* Classes */,
				E2D92EEF1C0395320065268F /* Assets.xcassets */,
				E2D92EF41C0395320065268F /* Info.plist */,
			);
			path = TBSwiftExtensionDemoOSX;
			sourceTree = "<group>";
		};
		E2D92EFC1C0396D80065268F /* ios */ = {
			isa = PBXGroup;
			children = (
				E2D92EFD1C0396D80065268F /* UIViewExtensions.swift */,
				E281B9041C039A6B000DADBA /* BlockTapGestureRecognizer.swift */,
				E281B92B1C03A1F1000DADBA /* BlockLongPressGestureRecognizer.swift */,
				E281B9291C03A132000DADBA /* BlockPanGestureRecognizer.swift */,
				E281B92D1C03A37C000DADBA /* BlockSwipeGestureRecognizer.swift */,
				E281B92F1C03A474000DADBA /* BlockPinchGestureRecognizer.swift */,
				E29E73451C04BA6300F059F1 /* NSBundleExtension.swift */,
				E29E734B1C04BDFD00F059F1 /* UIScreenExtension.swift */,
				E29E735C1C05119900F059F1 /* UIImageExtension.swift */,
				E23B1D991C06527900C986BF /* NSObjectExtension.swift */,
			);
			path = ios;
			sourceTree = "<group>";
		};
		E2D92F001C0396E10065268F /* osx */ = {
			isa = PBXGroup;
			children = (
			);
			path = osx;
			sourceTree = "<group>";
		};
		E2D92F061C0397050065268F /* TBSwiftExtensionsTVOS */ = {
			isa = PBXGroup;
			children = (
				E281B9221C039DA0000DADBA /* Classes */,
				E2D92F0E1C0397060065268F /* Assets.xcassets */,
				E2D92F101C0397060065268F /* Info.plist */,
			);
			path = TBSwiftExtensionsTVOS;
			sourceTree = "<group>";
		};
/* End PBXGroup section */

/* Begin PBXNativeTarget section */
		E2D92EB41C0392E40065268F /* TBSwiftExtensionsDemoIOS */ = {
			isa = PBXNativeTarget;
			buildConfigurationList = E2D92ED21C0392E40065268F /* Build configuration list for PBXNativeTarget "TBSwiftExtensionsDemoIOS" */;
			buildPhases = (
				E2D92EB11C0392E40065268F /* Sources */,
				E2D92EB21C0392E40065268F /* Frameworks */,
				E2D92EB31C0392E40065268F /* Resources */,
			);
			buildRules = (
			);
			dependencies = (
			);
			name = TBSwiftExtensionsDemoIOS;
			productName = TBSwiftExtensionsDemo;
			productReference = E2D92EB51C0392E40065268F /* TBSwiftExtensionsDemoIOS.app */;
			productType = "com.apple.product-type.application";
		};
		E2D92EC81C0392E40065268F /* TBSwiftExtensionsDemoTests */ = {
			isa = PBXNativeTarget;
			buildConfigurationList = E2D92ED51C0392E40065268F /* Build configuration list for PBXNativeTarget "TBSwiftExtensionsDemoTests" */;
			buildPhases = (
				E2D92EC51C0392E40065268F /* Sources */,
				E2D92EC61C0392E40065268F /* Frameworks */,
				E2D92EC71C0392E40065268F /* Resources */,
			);
			buildRules = (
			);
			dependencies = (
				E2D92ECB1C0392E40065268F /* PBXTargetDependency */,
			);
			name = TBSwiftExtensionsDemoTests;
			productName = TBSwiftExtensionsDemoTests;
			productReference = E2D92EC91C0392E40065268F /* TBSwiftExtensionsDemoTests.xctest */;
			productType = "com.apple.product-type.bundle.unit-test";
		};
		E2D92EE81C0395320065268F /* TBSwiftExtensionDemoOSX */ = {
			isa = PBXNativeTarget;
			buildConfigurationList = E2D92EF51C0395320065268F /* Build configuration list for PBXNativeTarget "TBSwiftExtensionDemoOSX" */;
			buildPhases = (
				E2D92EE51C0395320065268F /* Sources */,
				E2D92EE61C0395320065268F /* Frameworks */,
				E2D92EE71C0395320065268F /* Resources */,
			);
			buildRules = (
			);
			dependencies = (
			);
			name = TBSwiftExtensionDemoOSX;
			productName = TBSwiftExtensionDemoOSX;
			productReference = E2D92EE91C0395320065268F /* TBSwiftExtensionDemoOSX.app */;
			productType = "com.apple.product-type.application";
		};
		E2D92F041C0397050065268F /* TBSwiftExtensionsTVOS */ = {
			isa = PBXNativeTarget;
			buildConfigurationList = E2D92F111C0397060065268F /* Build configuration list for PBXNativeTarget "TBSwiftExtensionsTVOS" */;
			buildPhases = (
				E2D92F011C0397050065268F /* Sources */,
				E2D92F021C0397050065268F /* Frameworks */,
				E2D92F031C0397050065268F /* Resources */,
			);
			buildRules = (
			);
			dependencies = (
			);
			name = TBSwiftExtensionsTVOS;
			productName = TBSwiftExtensionsTVOS;
			productReference = E2D92F051C0397050065268F /* TBSwiftExtensionsTVOS.app */;
			productType = "com.apple.product-type.application";
		};
/* End PBXNativeTarget section */

/* Begin PBXProject section */
		E2D92EAD1C0392E40065268F /* Project object */ = {
			isa = PBXProject;
			attributes = {
				LastSwiftUpdateCheck = 0710;
				LastUpgradeCheck = 0710;
				ORGANIZATIONNAME = "Tom Baranes";
				TargetAttributes = {
					E2D92EB41C0392E40065268F = {
						CreatedOnToolsVersion = 7.1.1;
					};
					E2D92EC81C0392E40065268F = {
						CreatedOnToolsVersion = 7.1.1;
						TestTargetID = E2D92EB41C0392E40065268F;
					};
					E2D92EE81C0395320065268F = {
						CreatedOnToolsVersion = 7.1.1;
					};
					E2D92F041C0397050065268F = {
						CreatedOnToolsVersion = 7.1.1;
					};
				};
			};
			buildConfigurationList = E2D92EB01C0392E40065268F /* Build configuration list for PBXProject "TBSwiftExtensionsDemo" */;
			compatibilityVersion = "Xcode 3.2";
			developmentRegion = English;
			hasScannedForEncodings = 0;
			knownRegions = (
				en,
			);
			mainGroup = E2D92EAC1C0392E40065268F;
			productRefGroup = E2D92EB61C0392E40065268F /* Products */;
			projectDirPath = "";
			projectRoot = "";
			targets = (
				E2D92EB41C0392E40065268F /* TBSwiftExtensionsDemoIOS */,
				E2D92EE81C0395320065268F /* TBSwiftExtensionDemoOSX */,
				E2D92F041C0397050065268F /* TBSwiftExtensionsTVOS */,
				E2D92EC81C0392E40065268F /* TBSwiftExtensionsDemoTests */,
			);
		};
/* End PBXProject section */

/* Begin PBXResourcesBuildPhase section */
		E2D92EB31C0392E40065268F /* Resources */ = {
			isa = PBXResourcesBuildPhase;
			buildActionMask = 2147483647;
			files = (
				E2D92EC01C0392E40065268F /* Assets.xcassets in Resources */,
				E281B90B1C039B7C000DADBA /* Localizable.strings in Resources */,
				E281B9151C039BE4000DADBA /* Main.storyboard in Resources */,
			);
			runOnlyForDeploymentPostprocessing = 0;
		};
		E2D92EC71C0392E40065268F /* Resources */ = {
			isa = PBXResourcesBuildPhase;
			buildActionMask = 2147483647;
			files = (
			);
			runOnlyForDeploymentPostprocessing = 0;
		};
		E2D92EE71C0395320065268F /* Resources */ = {
			isa = PBXResourcesBuildPhase;
			buildActionMask = 2147483647;
			files = (
				E2D92EF01C0395320065268F /* Assets.xcassets in Resources */,
				E281B9211C039D18000DADBA /* Main.storyboard in Resources */,
			);
			runOnlyForDeploymentPostprocessing = 0;
		};
		E2D92F031C0397050065268F /* Resources */ = {
			isa = PBXResourcesBuildPhase;
			buildActionMask = 2147483647;
			files = (
				E2D92F0F1C0397060065268F /* Assets.xcassets in Resources */,
				E281B9281C039DA8000DADBA /* Main.storyboard in Resources */,
			);
			runOnlyForDeploymentPostprocessing = 0;
		};
/* End PBXResourcesBuildPhase section */

/* Begin PBXSourcesBuildPhase section */
		E2D92EB11C0392E40065268F /* Sources */ = {
			isa = PBXSourcesBuildPhase;
			buildActionMask = 2147483647;
			files = (
				E23B1D931C0645A600C986BF /* AttributedStringExampleViewController.swift in Sources */,
				E23B1D8B1C062E1A00C986BF /* NSRangeExtension.swift in Sources */,
				E2C9AADE1C065BBD004CA36A /* NSMutableAttributedStringExtension.swift in Sources */,
				E2D92EDF1C03946B0065268F /* BlockNotification.swift in Sources */,
				E29E735D1C05119900F059F1 /* UIImageExtension.swift in Sources */,
				E2D92EFE1C0396D80065268F /* UIViewExtensions.swift in Sources */,
				E281B92E1C03A37C000DADBA /* BlockSwipeGestureRecognizer.swift in Sources */,
				E29E733F1C04B32F00F059F1 /* StringExtension.swift in Sources */,
				E23B1D9B1C06527B00C986BF /* NSObjectExtension.swift in Sources */,
				E2D92EE11C03946B0065268F /* OccupiableProtocol.swift in Sources */,
				E281B9051C039A6B000DADBA /* BlockTapGestureRecognizer.swift in Sources */,
				E29E734A1C04BD0000F059F1 /* OthersExampleViewController.swift in Sources */,
				E29E734C1C04BDFD00F059F1 /* UIScreenExtension.swift in Sources */,
				E29E73561C04CC2D00F059F1 /* NSUserDefaultsExtension.swift in Sources */,
				E2B10BF71C04AB2F00C2811B /* DictionaryExtension.swift in Sources */,
				E281B92A1C03A132000DADBA /* BlockPanGestureRecognizer.swift in Sources */,
				E281B9301C03A474000DADBA /* BlockPinchGestureRecognizer.swift in Sources */,
				E281B9141C039BE4000DADBA /* AppDelegate.swift in Sources */,
				E28B88911C03B00F00CBA57B /* NotificationsExampleTableViewController.swift in Sources */,
				E281B9161C039BE4000DADBA /* GesturesExampleViewController.swift in Sources */,
				E2F13EB91C04A3810029E7E4 /* ArrayExtension.swift in Sources */,
				E281B92C1C03A1F1000DADBA /* BlockLongPressGestureRecognizer.swift in Sources */,
				E2049E3F1C044EDD006D10E7 /* LocalizablesExampleViewController.swift in Sources */,
				E29E73461C04BA6300F059F1 /* NSBundleExtension.swift in Sources */,
			);
			runOnlyForDeploymentPostprocessing = 0;
		};
		E2D92EC51C0392E40065268F /* Sources */ = {
			isa = PBXSourcesBuildPhase;
			buildActionMask = 2147483647;
			files = (
				E29E735B1C04CD1400F059F1 /* NSUserDefaultsExtensionTests.swift in Sources */,
				E23B1D9A1C06527900C986BF /* NSObjectExtension.swift in Sources */,
				E29E733B1C04B2B800F059F1 /* ArrayExtensionTests.swift in Sources */,
				E29E73591C04CC6B00F059F1 /* NSUserDefaultsExtension.swift in Sources */,
				E29E733C1C04B2B800F059F1 /* DictionaryExtensionTests.swift in Sources */,
				E23B1D8E1C062E9600C986BF /* NSRangeExtension.swift in Sources */,
				E23B1D901C062EA400C986BF /* NSRangeExtensionTests.swift in Sources */,
				E29E73421C04B32F00F059F1 /* StringExtension.swift in Sources */,
				E29E733D1C04B2B800F059F1 /* NSObjectExtensionTests.swift in Sources */,
				E29E73381C04B2AF00F059F1 /* BlockNotification.swift in Sources */,
				E29E73391C04B2AF00F059F1 /* DictionaryExtension.swift in Sources */,
				E29E73371C04B2AC00F059F1 /* ArrayExtension.swift in Sources */,
				E29E73361C04B29800F059F1 /* OccupiableProtocol.swift in Sources */,
				E29E73441C04B42800F059F1 /* StringExtensionTests.swift in Sources */,
				E29E732D1C04B20200F059F1 /* OccupiableTests.swift in Sources */,
			);
			runOnlyForDeploymentPostprocessing = 0;
		};
		E2D92EE51C0395320065268F /* Sources */ = {
			isa = PBXSourcesBuildPhase;
			buildActionMask = 2147483647;
			files = (
				E281B91B1C039C22000DADBA /* ViewController.swift in Sources */,
				E2D92EFA1C03955A0065268F /* BlockNotification.swift in Sources */,
				E29E73401C04B32F00F059F1 /* StringExtension.swift in Sources */,
				E2D92EFB1C03955A0065268F /* OccupiableProtocol.swift in Sources */,
				E29E73571C04CC6900F059F1 /* NSUserDefaultsExtension.swift in Sources */,
				E2F13EBA1C04A3BC0029E7E4 /* ArrayExtension.swift in Sources */,
				E281B91A1C039C22000DADBA /* AppDelegate.swift in Sources */,
				E23B1D8C1C062E1A00C986BF /* NSRangeExtension.swift in Sources */,
				E2C9AADF1C065BBD004CA36A /* NSMutableAttributedStringExtension.swift in Sources */,
				E2B10BF81C04AB2F00C2811B /* DictionaryExtension.swift in Sources */,
			);
			runOnlyForDeploymentPostprocessing = 0;
		};
		E2D92F011C0397050065268F /* Sources */ = {
			isa = PBXSourcesBuildPhase;
			buildActionMask = 2147483647;
			files = (
				E281B9261C039DA0000DADBA /* ViewController.swift in Sources */,
				E29E73411C04B32F00F059F1 /* StringExtension.swift in Sources */,
				E281B9031C03998D000DADBA /* OccupiableProtocol.swift in Sources */,
				E29E73581C04CC6A00F059F1 /* NSUserDefaultsExtension.swift in Sources */,
				E2F13EBB1C04A3BD0029E7E4 /* ArrayExtension.swift in Sources */,
				E281B9251C039DA0000DADBA /* AppDelegate.swift in Sources */,
				E23B1D8D1C062E1A00C986BF /* NSRangeExtension.swift in Sources */,
				E281B9021C03998D000DADBA /* BlockNotification.swift in Sources */,
				E2C9AAE01C065BBD004CA36A /* NSMutableAttributedStringExtension.swift in Sources */,
				E2B10BF91C04AB2F00C2811B /* DictionaryExtension.swift in Sources */,
			);
			runOnlyForDeploymentPostprocessing = 0;
		};
/* End PBXSourcesBuildPhase section */

/* Begin PBXTargetDependency section */
		E2D92ECB1C0392E40065268F /* PBXTargetDependency */ = {
			isa = PBXTargetDependency;
			target = E2D92EB41C0392E40065268F /* TBSwiftExtensionsDemoIOS */;
			targetProxy = E2D92ECA1C0392E40065268F /* PBXContainerItemProxy */;
		};
/* End PBXTargetDependency section */

/* Begin PBXVariantGroup section */
		E281B90D1C039B7C000DADBA /* Localizable.strings */ = {
			isa = PBXVariantGroup;
			children = (
				E281B90C1C039B7C000DADBA /* en */,
			);
			name = Localizable.strings;
			sourceTree = "<group>";
		};
/* End PBXVariantGroup section */

/* Begin XCBuildConfiguration section */
		E2D92ED01C0392E40065268F /* Debug */ = {
			isa = XCBuildConfiguration;
			buildSettings = {
				ALWAYS_SEARCH_USER_PATHS = NO;
				CLANG_CXX_LANGUAGE_STANDARD = "gnu++0x";
				CLANG_CXX_LIBRARY = "libc++";
				CLANG_ENABLE_MODULES = YES;
				CLANG_ENABLE_OBJC_ARC = YES;
				CLANG_WARN_BOOL_CONVERSION = YES;
				CLANG_WARN_CONSTANT_CONVERSION = YES;
				CLANG_WARN_DIRECT_OBJC_ISA_USAGE = YES_ERROR;
				CLANG_WARN_EMPTY_BODY = YES;
				CLANG_WARN_ENUM_CONVERSION = YES;
				CLANG_WARN_INT_CONVERSION = YES;
				CLANG_WARN_OBJC_ROOT_CLASS = YES_ERROR;
				CLANG_WARN_UNREACHABLE_CODE = YES;
				CLANG_WARN__DUPLICATE_METHOD_MATCH = YES;
				"CODE_SIGN_IDENTITY[sdk=iphoneos*]" = "iPhone Developer";
				COPY_PHASE_STRIP = NO;
				DEBUG_INFORMATION_FORMAT = dwarf;
				ENABLE_STRICT_OBJC_MSGSEND = YES;
				ENABLE_TESTABILITY = YES;
				GCC_C_LANGUAGE_STANDARD = gnu99;
				GCC_DYNAMIC_NO_PIC = NO;
				GCC_NO_COMMON_BLOCKS = YES;
				GCC_OPTIMIZATION_LEVEL = 0;
				GCC_PREPROCESSOR_DEFINITIONS = (
					"DEBUG=1",
					"$(inherited)",
				);
				GCC_WARN_64_TO_32_BIT_CONVERSION = YES;
				GCC_WARN_ABOUT_RETURN_TYPE = YES_ERROR;
				GCC_WARN_UNDECLARED_SELECTOR = YES;
				GCC_WARN_UNINITIALIZED_AUTOS = YES_AGGRESSIVE;
				GCC_WARN_UNUSED_FUNCTION = YES;
				GCC_WARN_UNUSED_VARIABLE = YES;
				IPHONEOS_DEPLOYMENT_TARGET = 9.1;
				MTL_ENABLE_DEBUG_INFO = YES;
				ONLY_ACTIVE_ARCH = YES;
				SDKROOT = iphoneos;
				SWIFT_OPTIMIZATION_LEVEL = "-Onone";
				TARGETED_DEVICE_FAMILY = "1,2";
			};
			name = Debug;
		};
		E2D92ED11C0392E40065268F /* Release */ = {
			isa = XCBuildConfiguration;
			buildSettings = {
				ALWAYS_SEARCH_USER_PATHS = NO;
				CLANG_CXX_LANGUAGE_STANDARD = "gnu++0x";
				CLANG_CXX_LIBRARY = "libc++";
				CLANG_ENABLE_MODULES = YES;
				CLANG_ENABLE_OBJC_ARC = YES;
				CLANG_WARN_BOOL_CONVERSION = YES;
				CLANG_WARN_CONSTANT_CONVERSION = YES;
				CLANG_WARN_DIRECT_OBJC_ISA_USAGE = YES_ERROR;
				CLANG_WARN_EMPTY_BODY = YES;
				CLANG_WARN_ENUM_CONVERSION = YES;
				CLANG_WARN_INT_CONVERSION = YES;
				CLANG_WARN_OBJC_ROOT_CLASS = YES_ERROR;
				CLANG_WARN_UNREACHABLE_CODE = YES;
				CLANG_WARN__DUPLICATE_METHOD_MATCH = YES;
				"CODE_SIGN_IDENTITY[sdk=iphoneos*]" = "iPhone Developer";
				COPY_PHASE_STRIP = NO;
				DEBUG_INFORMATION_FORMAT = "dwarf-with-dsym";
				ENABLE_NS_ASSERTIONS = NO;
				ENABLE_STRICT_OBJC_MSGSEND = YES;
				GCC_C_LANGUAGE_STANDARD = gnu99;
				GCC_NO_COMMON_BLOCKS = YES;
				GCC_WARN_64_TO_32_BIT_CONVERSION = YES;
				GCC_WARN_ABOUT_RETURN_TYPE = YES_ERROR;
				GCC_WARN_UNDECLARED_SELECTOR = YES;
				GCC_WARN_UNINITIALIZED_AUTOS = YES_AGGRESSIVE;
				GCC_WARN_UNUSED_FUNCTION = YES;
				GCC_WARN_UNUSED_VARIABLE = YES;
				IPHONEOS_DEPLOYMENT_TARGET = 9.1;
				MTL_ENABLE_DEBUG_INFO = NO;
				SDKROOT = iphoneos;
				TARGETED_DEVICE_FAMILY = "1,2";
				VALIDATE_PRODUCT = YES;
			};
			name = Release;
		};
		E2D92ED31C0392E40065268F /* Debug */ = {
			isa = XCBuildConfiguration;
			buildSettings = {
				ASSETCATALOG_COMPILER_APPICON_NAME = AppIcon;
				INFOPLIST_FILE = TBSwiftExtensionsDemo/Info.plist;
				LD_RUNPATH_SEARCH_PATHS = "$(inherited) @executable_path/Frameworks";
				PRODUCT_BUNDLE_IDENTIFIER = com.tombaranes.TBSwiftExtensionsDemo;
				PRODUCT_NAME = "$(TARGET_NAME)";
			};
			name = Debug;
		};
		E2D92ED41C0392E40065268F /* Release */ = {
			isa = XCBuildConfiguration;
			buildSettings = {
				ASSETCATALOG_COMPILER_APPICON_NAME = AppIcon;
				INFOPLIST_FILE = TBSwiftExtensionsDemo/Info.plist;
				LD_RUNPATH_SEARCH_PATHS = "$(inherited) @executable_path/Frameworks";
				PRODUCT_BUNDLE_IDENTIFIER = com.tombaranes.TBSwiftExtensionsDemo;
				PRODUCT_NAME = "$(TARGET_NAME)";
			};
			name = Release;
		};
		E2D92ED61C0392E40065268F /* Debug */ = {
			isa = XCBuildConfiguration;
			buildSettings = {
				BUNDLE_LOADER = "$(TEST_HOST)";
				INFOPLIST_FILE = TBSwiftExtensionsDemoTests/Info.plist;
				LD_RUNPATH_SEARCH_PATHS = "$(inherited) @executable_path/Frameworks @loader_path/Frameworks";
				PRODUCT_BUNDLE_IDENTIFIER = com.tombaranes.TBSwiftExtensionsDemoTests;
				PRODUCT_NAME = "$(TARGET_NAME)";
				TEST_HOST = "$(BUILT_PRODUCTS_DIR)/TBSwiftExtensionsDemoIOS.app/TBSwiftExtensionsDemoIOS";
			};
			name = Debug;
		};
		E2D92ED71C0392E40065268F /* Release */ = {
			isa = XCBuildConfiguration;
			buildSettings = {
				BUNDLE_LOADER = "$(TEST_HOST)";
				INFOPLIST_FILE = TBSwiftExtensionsDemoTests/Info.plist;
				LD_RUNPATH_SEARCH_PATHS = "$(inherited) @executable_path/Frameworks @loader_path/Frameworks";
				PRODUCT_BUNDLE_IDENTIFIER = com.tombaranes.TBSwiftExtensionsDemoTests;
				PRODUCT_NAME = "$(TARGET_NAME)";
				TEST_HOST = "$(BUILT_PRODUCTS_DIR)/TBSwiftExtensionsDemoIOS.app/TBSwiftExtensionsDemoIOS";
			};
			name = Release;
		};
		E2D92EF61C0395320065268F /* Debug */ = {
			isa = XCBuildConfiguration;
			buildSettings = {
				ASSETCATALOG_COMPILER_APPICON_NAME = AppIcon;
				CODE_SIGN_IDENTITY = "-";
				COMBINE_HIDPI_IMAGES = YES;
				INFOPLIST_FILE = TBSwiftExtensionDemoOSX/Info.plist;
				LD_RUNPATH_SEARCH_PATHS = "$(inherited) @executable_path/../Frameworks";
				MACOSX_DEPLOYMENT_TARGET = 10.11;
				PRODUCT_BUNDLE_IDENTIFIER = com.tombaranes.TBSwiftExtensionDemoOSX;
				PRODUCT_NAME = "$(TARGET_NAME)";
				SDKROOT = macosx;
			};
			name = Debug;
		};
		E2D92EF71C0395320065268F /* Release */ = {
			isa = XCBuildConfiguration;
			buildSettings = {
				ASSETCATALOG_COMPILER_APPICON_NAME = AppIcon;
				CODE_SIGN_IDENTITY = "-";
				COMBINE_HIDPI_IMAGES = YES;
				INFOPLIST_FILE = TBSwiftExtensionDemoOSX/Info.plist;
				LD_RUNPATH_SEARCH_PATHS = "$(inherited) @executable_path/../Frameworks";
				MACOSX_DEPLOYMENT_TARGET = 10.11;
				PRODUCT_BUNDLE_IDENTIFIER = com.tombaranes.TBSwiftExtensionDemoOSX;
				PRODUCT_NAME = "$(TARGET_NAME)";
				SDKROOT = macosx;
			};
			name = Release;
		};
		E2D92F121C0397060065268F /* Debug */ = {
			isa = XCBuildConfiguration;
			buildSettings = {
				ASSETCATALOG_COMPILER_APPICON_NAME = "App Icon & Top Shelf Image";
				ASSETCATALOG_COMPILER_LAUNCHIMAGE_NAME = LaunchImage;
				INFOPLIST_FILE = TBSwiftExtensionsTVOS/Info.plist;
				LD_RUNPATH_SEARCH_PATHS = "$(inherited) @executable_path/Frameworks";
				PRODUCT_BUNDLE_IDENTIFIER = com.tombaranes.TBSwiftExtensionsTVOS;
				PRODUCT_NAME = "$(TARGET_NAME)";
				SDKROOT = appletvos;
				TARGETED_DEVICE_FAMILY = 3;
				TVOS_DEPLOYMENT_TARGET = 9.0;
			};
			name = Debug;
		};
		E2D92F131C0397060065268F /* Release */ = {
			isa = XCBuildConfiguration;
			buildSettings = {
				ASSETCATALOG_COMPILER_APPICON_NAME = "App Icon & Top Shelf Image";
				ASSETCATALOG_COMPILER_LAUNCHIMAGE_NAME = LaunchImage;
				INFOPLIST_FILE = TBSwiftExtensionsTVOS/Info.plist;
				LD_RUNPATH_SEARCH_PATHS = "$(inherited) @executable_path/Frameworks";
				PRODUCT_BUNDLE_IDENTIFIER = com.tombaranes.TBSwiftExtensionsTVOS;
				PRODUCT_NAME = "$(TARGET_NAME)";
				SDKROOT = appletvos;
				TARGETED_DEVICE_FAMILY = 3;
				TVOS_DEPLOYMENT_TARGET = 9.0;
			};
			name = Release;
		};
/* End XCBuildConfiguration section */

/* Begin XCConfigurationList section */
		E2D92EB01C0392E40065268F /* Build configuration list for PBXProject "TBSwiftExtensionsDemo" */ = {
			isa = XCConfigurationList;
			buildConfigurations = (
				E2D92ED01C0392E40065268F /* Debug */,
				E2D92ED11C0392E40065268F /* Release */,
			);
			defaultConfigurationIsVisible = 0;
			defaultConfigurationName = Release;
		};
		E2D92ED21C0392E40065268F /* Build configuration list for PBXNativeTarget "TBSwiftExtensionsDemoIOS" */ = {
			isa = XCConfigurationList;
			buildConfigurations = (
				E2D92ED31C0392E40065268F /* Debug */,
				E2D92ED41C0392E40065268F /* Release */,
			);
			defaultConfigurationIsVisible = 0;
			defaultConfigurationName = Release;
		};
		E2D92ED51C0392E40065268F /* Build configuration list for PBXNativeTarget "TBSwiftExtensionsDemoTests" */ = {
			isa = XCConfigurationList;
			buildConfigurations = (
				E2D92ED61C0392E40065268F /* Debug */,
				E2D92ED71C0392E40065268F /* Release */,
			);
			defaultConfigurationIsVisible = 0;
			defaultConfigurationName = Release;
		};
		E2D92EF51C0395320065268F /* Build configuration list for PBXNativeTarget "TBSwiftExtensionDemoOSX" */ = {
			isa = XCConfigurationList;
			buildConfigurations = (
				E2D92EF61C0395320065268F /* Debug */,
				E2D92EF71C0395320065268F /* Release */,
			);
			defaultConfigurationIsVisible = 0;
			defaultConfigurationName = Release;
		};
		E2D92F111C0397060065268F /* Build configuration list for PBXNativeTarget "TBSwiftExtensionsTVOS" */ = {
			isa = XCConfigurationList;
			buildConfigurations = (
				E2D92F121C0397060065268F /* Debug */,
				E2D92F131C0397060065268F /* Release */,
			);
			defaultConfigurationIsVisible = 0;
			defaultConfigurationName = Release;
		};
/* End XCConfigurationList section */
	};
	rootObject = E2D92EAD1C0392E40065268F /* Project object */;
}
